
Microsoft Visual Studio Solution File, Format Version 12.00
# Visual Studio Version 17
VisualStudioVersion = 17.8.34322.80
MinimumVisualStudioVersion = 10.0.40219.1
Project("{FAE04EC0-301F-11D3-BF4B-00C04F79EFBC}") = "Reservation.Functions", "Reservation.Functions\Reservation.Functions.csproj", "{AC4E0642-287C-48C6-8B36-480A3F739277}"
EndProject
Global
	GlobalSection(SolutionConfigurationPlatforms) = preSolution
		Debug|Any CPU = Debug|Any CPU
		Release|Any CPU = Release|Any CPU
	EndGlobalSection
	GlobalSection(ProjectConfigurationPlatforms) = postSolution
		{AC4E0642-287C-48C6-8B36-480A3F739277}.Debug|Any CPU.ActiveCfg = Debug|Any CPU
		{AC4E0642-287C-48C6-8B36-480A3F739277}.Debug|Any CPU.Build.0 = Debug|Any CPU
		{AC4E0642-287C-48C6-8B36-480A3F739277}.Release|Any CPU.ActiveCfg = Release|Any CPU
		{AC4E0642-287C-48C6-8B36-480A3F739277}.Release|Any CPU.Build.0 = Release|Any CPU
	EndGlobalSection
	GlobalSection(SolutionProperties) = preSolution
		HideSolutionNode = FALSE
	EndGlobalSection
	GlobalSection(ExtensibilityGlobals) = postSolution
		SolutionGuid = {68465442-E118-4E42-BD47-0729C15642E8}
	EndGlobalSection
EndGlobal
